<Solution>
  <Folder Name="/src/">
    <Project Path="src/Loggy.Api/Loggy.Api.csproj" />
    <Project Path="src/Loggy.AppHost/Loggy.AppHost.csproj" />
    <Project Path="src/Loggy.Core/Loggy.Core.csproj" />
    <Project Path="src/Loggy.ServiceDefaults/Loggy.ServiceDefaults.csproj" />
  </Folder>
  <Folder Name="/tests/">
    <Project Path="tests/Loggy.Tests/Loggy.Tests.csproj" Id="7050d86f-5345-4dfd-9835-55c0cf869e41" />
  </Folder>
</Solution>
